
Microsoft Visual Studio Solution File, Format Version 12.00
# Visual Studio 15
VisualStudioVersion = 15.0.28307.705
MinimumVisualStudioVersion = 10.0.40219.1
Project("{F184B08F-C81C-45F6-A57F-5ABD9991F28F}") = "HelloVB", "HelloVB\HelloVB.vbproj", "{263E7E94-0A4A-4C10-B693-331C140523AF}"
EndProject
Global
	GlobalSection(SolutionConfigurationPlatforms) = preSolution
		Debug|Any CPU = Debug|Any CPU
		Release|Any CPU = Release|Any CPU
	EndGlobalSection
	GlobalSection(ProjectConfigurationPlatforms) = postSolution
		{263E7E94-0A4A-4C10-B693-331C140523AF}.Debug|Any CPU.ActiveCfg = Debug|Any CPU
		{263E7E94-0A4A-4C10-B693-331C140523AF}.Debug|Any CPU.Build.0 = Debug|Any CPU
		{263E7E94-0A4A-4C10-B693-331C140523AF}.Release|Any CPU.ActiveCfg = Release|Any CPU
		{263E7E94-0A4A-4C10-B693-331C140523AF}.Release|Any CPU.Build.0 = Release|Any CPU
	EndGlobalSection
	GlobalSection(SolutionProperties) = preSolution
		HideSolutionNode = FALSE
	EndGlobalSection
	GlobalSection(ExtensibilityGlobals) = postSolution
		SolutionGuid = {627E790A-4DB5-43DB-93DD-663DB5470564}
	EndGlobalSection
EndGlobal
