
Microsoft Visual Studio Solution File, Format Version 12.00
# Visual Studio 15
VisualStudioVersion = 15.0.28307.705
MinimumVisualStudioVersion = 10.0.40219.1
Project("{F184B08F-C81C-45F6-A57F-5ABD9991F28F}") = "ZipCodes", "ZipCodes\ZipCodes.vbproj", "{3D1A2550-F3E0-417E-947D-1E487B30EB04}"
EndProject
Global
	GlobalSection(SolutionConfigurationPlatforms) = preSolution
		Debug|Any CPU = Debug|Any CPU
		Release|Any CPU = Release|Any CPU
	EndGlobalSection
	GlobalSection(ProjectConfigurationPlatforms) = postSolution
		{3D1A2550-F3E0-417E-947D-1E487B30EB04}.Debug|Any CPU.ActiveCfg = Debug|Any CPU
		{3D1A2550-F3E0-417E-947D-1E487B30EB04}.Debug|Any CPU.Build.0 = Debug|Any CPU
		{3D1A2550-F3E0-417E-947D-1E487B30EB04}.Release|Any CPU.ActiveCfg = Release|Any CPU
		{3D1A2550-F3E0-417E-947D-1E487B30EB04}.Release|Any CPU.Build.0 = Release|Any CPU
	EndGlobalSection
	GlobalSection(SolutionProperties) = preSolution
		HideSolutionNode = FALSE
	EndGlobalSection
	GlobalSection(ExtensibilityGlobals) = postSolution
		SolutionGuid = {237F59E5-AF50-43F2-871F-BDDE5FCCAA47}
	EndGlobalSection
EndGlobal
